
Microsoft Visual Studio Solution File, Format Version 12.00
# Visual Studio Version 17
VisualStudioVersion = 17.0.32112.339
MinimumVisualStudioVersion = 10.0.40219.1
Project("{FAE04EC0-301F-11D3-BF4B-00C04F79EFBC}") = "CountryRegion.MVC", "CountryRegion.MVC\CountryRegion.MVC.csproj", "{8187B978-3966-4F05-A2D0-414D8470DCA3}"
EndProject
Project("{FAE04EC0-301F-11D3-BF4B-00C04F79EFBC}") = "CountryData", "CountryData\CountryData.csproj", "{DFA1C166-CF84-4E61-8BD1-583AEB25BB59}"
EndProject
Global
	GlobalSection(SolutionConfigurationPlatforms) = preSolution
		Debug|Any CPU = Debug|Any CPU
		Release|Any CPU = Release|Any CPU
	EndGlobalSection
	GlobalSection(ProjectConfigurationPlatforms) = postSolution
		{8187B978-3966-4F05-A2D0-414D8470DCA3}.Debug|Any CPU.ActiveCfg = Debug|Any CPU
		{8187B978-3966-4F05-A2D0-414D8470DCA3}.Debug|Any CPU.Build.0 = Debug|Any CPU
		{8187B978-3966-4F05-A2D0-414D8470DCA3}.Release|Any CPU.ActiveCfg = Release|Any CPU
		{8187B978-3966-4F05-A2D0-414D8470DCA3}.Release|Any CPU.Build.0 = Release|Any CPU
		{DFA1C166-CF84-4E61-8BD1-583AEB25BB59}.Debug|Any CPU.ActiveCfg = Debug|Any CPU
		{DFA1C166-CF84-4E61-8BD1-583AEB25BB59}.Debug|Any CPU.Build.0 = Debug|Any CPU
		{DFA1C166-CF84-4E61-8BD1-583AEB25BB59}.Release|Any CPU.ActiveCfg = Release|Any CPU
		{DFA1C166-CF84-4E61-8BD1-583AEB25BB59}.Release|Any CPU.Build.0 = Release|Any CPU
	EndGlobalSection
	GlobalSection(SolutionProperties) = preSolution
		HideSolutionNode = FALSE
	EndGlobalSection
	GlobalSection(ExtensibilityGlobals) = postSolution
		SolutionGuid = {671CC13B-924F-45F2-91AC-63DF083AE589}
	EndGlobalSection
EndGlobal
